{
  "nodes": {
    "doom-emacs": {
      "inputs": {
        "doomemacs": "doomemacs",
        "emacs-overlay": "emacs-overlay",
        "nixpkgs": [
          "nixpkgs"
        ],
        "systems": "systems"
      },
      "locked": {
        "lastModified": 1759308114,
        "narHash": "sha256-H/V+NR6EbP68M4SFMU4YUkGz7nMhDTqgSqVAs+1OMPU=",
        "owner": "marienz",
        "repo": "nix-doom-emacs-unstraightened",
        "rev": "e7ac2cfa21a9489f1ec5f08b979a1ce96bd96e48",
        "type": "github"
      },
      "original": {
        "owner": "marienz",
        "repo": "nix-doom-emacs-unstraightened",
        "type": "github"
      }
    },
    "doomemacs": {
      "flake": false,
      "locked": {
        "lastModified": 1759180402,
        "narHash": "sha256-Y67ooUjDMWjPk+/IjMRnhe+OPn19Q0wF73prtExwyiI=",
        "owner": "doomemacs",
        "repo": "doomemacs",
        "rev": "5e7e93beb9f2b5a81768aaf4950203ceea21c4f6",
        "type": "github"
      },
      "original": {
        "owner": "doomemacs",
        "repo": "doomemacs",
        "type": "github"
      }
    },
    "emacs-overlay": {
      "inputs": {
        "nixpkgs": [
          "doom-emacs"
        ],
        "nixpkgs-stable": [
          "doom-emacs"
        ]
      },
      "locked": {
        "lastModified": 1759284850,
        "narHash": "sha256-MP06v4gTOch6UMyoxPSNWkDarPbgj8HlZtenHIQzhXE=",
        "owner": "nix-community",
        "repo": "emacs-overlay",
        "rev": "e0929cc9ff9bfd638f60b38b1f55605b5e75363a",
        "type": "github"
      },
      "original": {
        "owner": "nix-community",
        "repo": "emacs-overlay",
        "type": "github"
      }
    },
    "home-manager": {
      "inputs": {
        "nixpkgs": [
          "nixpkgs"
        ]
      },
      "locked": {
        "lastModified": 1759337100,
        "narHash": "sha256-CcT3QvZ74NGfM+lSOILcCEeU+SnqXRvl1XCRHenZ0Us=",
        "owner": "nix-community",
        "repo": "home-manager",
        "rev": "004753ae6b04c4b18aa07192c1106800aaacf6c3",
        "type": "github"
      },
      "original": {
        "owner": "nix-community",
        "repo": "home-manager",
        "type": "github"
      }
    },
    "nixpkgs": {
      "locked": {
        "lastModified": 1759036355,
        "narHash": "sha256-0m27AKv6ka+q270dw48KflE0LwQYrO7Fm4/2//KCVWg=",
        "owner": "nixos",
        "repo": "nixpkgs",
        "rev": "e9f00bd893984bc8ce46c895c3bf7cac95331127",
        "type": "github"
      },
      "original": {
        "owner": "nixos",
        "ref": "nixos-unstable",
        "repo": "nixpkgs",
        "type": "github"
      }
    },
    "root": {
      "inputs": {
        "doom-emacs": "doom-emacs",
        "home-manager": "home-manager",
        "nixpkgs": "nixpkgs"
      }
    },
    "systems": {
      "locked": {
        "lastModified": 1681028828,
        "narHash": "sha256-Vy1rq5AaRuLzOxct8nz4T6wlgyUR7zLU309k9mBC768=",
        "owner": "nix-systems",
        "repo": "default",
        "rev": "da67096a3b9bf56a91d16901293e51ba5b49a27e",
        "type": "github"
      },
      "original": {
        "owner": "nix-systems",
        "repo": "default",
        "type": "github"
      }
    }
  },
  "root": "root",
  "version": 7
}
